
Microsoft Visual Studio Solution File, Format Version 12.00
# Visual Studio Version 17
VisualStudioVersion = 17.3.32825.248
MinimumVisualStudioVersion = 10.0.40219.1
Project("{FAE04EC0-301F-11D3-BF4B-00C04F79EFBC}") = "BlazingPizza", "BlazingPizza\BlazingPizza.csproj", "{8AA94FDC-B613-47CD-A623-5B24CBF3BB1B}"
EndProject
Global
	GlobalSection(SolutionConfigurationPlatforms) = preSolution
		Debug|Any CPU = Debug|Any CPU
		Release|Any CPU = Release|Any CPU
	EndGlobalSection
	GlobalSection(ProjectConfigurationPlatforms) = postSolution
		{8AA94FDC-B613-47CD-A623-5B24CBF3BB1B}.Debug|Any CPU.ActiveCfg = Debug|Any CPU
		{8AA94FDC-B613-47CD-A623-5B24CBF3BB1B}.Debug|Any CPU.Build.0 = Debug|Any CPU
		{8AA94FDC-B613-47CD-A623-5B24CBF3BB1B}.Release|Any CPU.ActiveCfg = Release|Any CPU
		{8AA94FDC-B613-47CD-A623-5B24CBF3BB1B}.Release|Any CPU.Build.0 = Release|Any CPU
	EndGlobalSection
	GlobalSection(SolutionProperties) = preSolution
		HideSolutionNode = FALSE
	EndGlobalSection
	GlobalSection(ExtensibilityGlobals) = postSolution
		SolutionGuid = {97257B44-AD62-4496-AF26-B00F7F97DDE3}
	EndGlobalSection
EndGlobal
