
Microsoft Visual Studio Solution File, Format Version 12.00
# Visual Studio Version 17
VisualStudioVersion = 17.3.32825.248
MinimumVisualStudioVersion = 10.0.40219.1
Project("{FAE04EC0-301F-11D3-BF4B-00C04F79EFBC}") = "BlazingPizza.Client", "BlazingPizza.Client\BlazingPizza.Client.csproj", "{8AA94FDC-B613-47CD-A623-5B24CBF3BB1B}"
EndProject
Project("{FAE04EC0-301F-11D3-BF4B-00C04F79EFBC}") = "BlazingComponent", "BlazingComponent\BlazingComponent.csproj", "{6AD9349B-20DA-4A7F-9899-91C69B45262C}"
EndProject
Project("{FAE04EC0-301F-11D3-BF4B-00C04F79EFBC}") = "BlazingPizza.Shared", "BlazingPizza.Shared\BlazingPizza.Shared.csproj", "{140C73ED-B7FA-4850-9BD5-F8DFBA7F2326}"
EndProject
Project("{FAE04EC0-301F-11D3-BF4B-00C04F79EFBC}") = "BlazingPizza.ComponentsLibrary", "BlazingPizza.ComponentsLibrary\BlazingPizza.ComponentsLibrary.csproj", "{A02105F2-F3D5-416E-977C-4CE037D95DFB}"
EndProject
Project("{FAE04EC0-301F-11D3-BF4B-00C04F79EFBC}") = "BlazingPizza.Server", "BlazingPizza.Server\BlazingPizza.Server.csproj", "{A76E9930-448F-439D-8EB1-AC7614ABAD11}"
EndProject
Global
	GlobalSection(SolutionConfigurationPlatforms) = preSolution
		Debug|Any CPU = Debug|Any CPU
		Release|Any CPU = Release|Any CPU
	EndGlobalSection
	GlobalSection(ProjectConfigurationPlatforms) = postSolution
		{8AA94FDC-B613-47CD-A623-5B24CBF3BB1B}.Debug|Any CPU.ActiveCfg = Debug|Any CPU
		{8AA94FDC-B613-47CD-A623-5B24CBF3BB1B}.Debug|Any CPU.Build.0 = Debug|Any CPU
		{8AA94FDC-B613-47CD-A623-5B24CBF3BB1B}.Release|Any CPU.ActiveCfg = Release|Any CPU
		{8AA94FDC-B613-47CD-A623-5B24CBF3BB1B}.Release|Any CPU.Build.0 = Release|Any CPU
		{6AD9349B-20DA-4A7F-9899-91C69B45262C}.Debug|Any CPU.ActiveCfg = Debug|Any CPU
		{6AD9349B-20DA-4A7F-9899-91C69B45262C}.Debug|Any CPU.Build.0 = Debug|Any CPU
		{6AD9349B-20DA-4A7F-9899-91C69B45262C}.Release|Any CPU.ActiveCfg = Release|Any CPU
		{6AD9349B-20DA-4A7F-9899-91C69B45262C}.Release|Any CPU.Build.0 = Release|Any CPU
		{140C73ED-B7FA-4850-9BD5-F8DFBA7F2326}.Debug|Any CPU.ActiveCfg = Debug|Any CPU
		{140C73ED-B7FA-4850-9BD5-F8DFBA7F2326}.Debug|Any CPU.Build.0 = Debug|Any CPU
		{140C73ED-B7FA-4850-9BD5-F8DFBA7F2326}.Release|Any CPU.ActiveCfg = Release|Any CPU
		{140C73ED-B7FA-4850-9BD5-F8DFBA7F2326}.Release|Any CPU.Build.0 = Release|Any CPU
		{A02105F2-F3D5-416E-977C-4CE037D95DFB}.Debug|Any CPU.ActiveCfg = Debug|Any CPU
		{A02105F2-F3D5-416E-977C-4CE037D95DFB}.Debug|Any CPU.Build.0 = Debug|Any CPU
		{A02105F2-F3D5-416E-977C-4CE037D95DFB}.Release|Any CPU.ActiveCfg = Release|Any CPU
		{A02105F2-F3D5-416E-977C-4CE037D95DFB}.Release|Any CPU.Build.0 = Release|Any CPU
		{A76E9930-448F-439D-8EB1-AC7614ABAD11}.Debug|Any CPU.ActiveCfg = Debug|Any CPU
		{A76E9930-448F-439D-8EB1-AC7614ABAD11}.Debug|Any CPU.Build.0 = Debug|Any CPU
		{A76E9930-448F-439D-8EB1-AC7614ABAD11}.Release|Any CPU.ActiveCfg = Release|Any CPU
		{A76E9930-448F-439D-8EB1-AC7614ABAD11}.Release|Any CPU.Build.0 = Release|Any CPU
	EndGlobalSection
	GlobalSection(SolutionProperties) = preSolution
		HideSolutionNode = FALSE
	EndGlobalSection
	GlobalSection(ExtensibilityGlobals) = postSolution
		SolutionGuid = {97257B44-AD62-4496-AF26-B00F7F97DDE3}
	EndGlobalSection
EndGlobal
